
Microsoft Visual Studio Solution File, Format Version 12.00
# Visual Studio Version 16
VisualStudioVersion = 16.0.29318.209
MinimumVisualStudioVersion = 10.0.40219.1
Project("{FAE04EC0-301F-11D3-BF4B-00C04F79EFBC}") = "Traffic Lights", "Traffic Lights\Traffic Lights.csproj", "{3B64393F-CA2B-4058-B5EA-1B32E8598216}"
EndProject
Project("{FAE04EC0-301F-11D3-BF4B-00C04F79EFBC}") = "4.Soru", "..\4.Soru\Traffic Lights\4.Soru.csproj", "{2DFEBF72-FAC0-4D3C-8E62-C9A2F5079C7A}"
EndProject
Global
	GlobalSection(SolutionConfigurationPlatforms) = preSolution
		Debug|Any CPU = Debug|Any CPU
		Release|Any CPU = Release|Any CPU
	EndGlobalSection
	GlobalSection(ProjectConfigurationPlatforms) = postSolution
		{3B64393F-CA2B-4058-B5EA-1B32E8598216}.Debug|Any CPU.ActiveCfg = Debug|Any CPU
		{3B64393F-CA2B-4058-B5EA-1B32E8598216}.Debug|Any CPU.Build.0 = Debug|Any CPU
		{3B64393F-CA2B-4058-B5EA-1B32E8598216}.Release|Any CPU.ActiveCfg = Release|Any CPU
		{3B64393F-CA2B-4058-B5EA-1B32E8598216}.Release|Any CPU.Build.0 = Release|Any CPU
		{2DFEBF72-FAC0-4D3C-8E62-C9A2F5079C7A}.Debug|Any CPU.ActiveCfg = Debug|Any CPU
		{2DFEBF72-FAC0-4D3C-8E62-C9A2F5079C7A}.Debug|Any CPU.Build.0 = Debug|Any CPU
		{2DFEBF72-FAC0-4D3C-8E62-C9A2F5079C7A}.Release|Any CPU.ActiveCfg = Release|Any CPU
		{2DFEBF72-FAC0-4D3C-8E62-C9A2F5079C7A}.Release|Any CPU.Build.0 = Release|Any CPU
	EndGlobalSection
	GlobalSection(SolutionProperties) = preSolution
		HideSolutionNode = FALSE
	EndGlobalSection
	GlobalSection(ExtensibilityGlobals) = postSolution
		SolutionGuid = {D6699BF6-EE5C-4D0A-AFA4-AF347583814B}
	EndGlobalSection
EndGlobal
